
Microsoft Visual Studio Solution File, Format Version 12.00
# Visual Studio Version 16
VisualStudioVersion = 16.0.31410.357
MinimumVisualStudioVersion = 10.0.40219.1
Project("{8BC9CEB8-8B4A-11D0-8D11-00A0C91BC942}") = "Toaster", "Toaster.vcxproj", "{181FB14C-548C-41BC-A8E5-F6DA37A72127}"
EndProject
Global
	GlobalSection(SolutionConfigurationPlatforms) = preSolution
		Debug|x64 = Debug|x64
		Debug|x86 = Debug|x86
		Release|x64 = Release|x64
		Release|x86 = Release|x86
	EndGlobalSection
	GlobalSection(ProjectConfigurationPlatforms) = postSolution
		{181FB14C-548C-41BC-A8E5-F6DA37A72127}.Debug|x64.ActiveCfg = Debug|x64
		{181FB14C-548C-41BC-A8E5-F6DA37A72127}.Debug|x64.Build.0 = Debug|x64
		{181FB14C-548C-41BC-A8E5-F6DA37A72127}.Debug|x86.ActiveCfg = Debug|Win32
		{181FB14C-548C-41BC-A8E5-F6DA37A72127}.Debug|x86.Build.0 = Debug|Win32
		{181FB14C-548C-41BC-A8E5-F6DA37A72127}.Release|x64.ActiveCfg = Release|x64
		{181FB14C-548C-41BC-A8E5-F6DA37A72127}.Release|x64.Build.0 = Release|x64
		{181FB14C-548C-41BC-A8E5-F6DA37A72127}.Release|x86.ActiveCfg = Release|Win32
		{181FB14C-548C-41BC-A8E5-F6DA37A72127}.Release|x86.Build.0 = Release|Win32
	EndGlobalSection
	GlobalSection(SolutionProperties) = preSolution
		HideSolutionNode = FALSE
	EndGlobalSection
	GlobalSection(ExtensibilityGlobals) = postSolution
		SolutionGuid = {8C65FA98-4667-43C6-9AC8-D6DDEC9DCD18}
	EndGlobalSection
EndGlobal
